{
  "requires": true,
  "lockfileVersion": 1,
  "dependencies": {
    "@altv/native-types": {
      "version": "1.0.3",
      "resolved": "https://registry.npmjs.org/@altv/native-types/-/native-types-1.0.3.tgz",
      "integrity": "sha512-ndOfwcqnVgmCf1wDZIbQp+vobPX7lpL7NTvjoJAD7f+2z52LbSOjDfyHjkzo8iDyWaK0rKXeroyJcvLGOnG2nA=="
    },
    "@altv/types": {
      "version": "1.0.8",
      "resolved": "https://registry.npmjs.org/@altv/types/-/types-1.0.8.tgz",
      "integrity": "sha512-qVArGlNqh2JJ4YToHDUbqsyqsmF6FSoVnxBpa7QD01p+NzyK728mJF9/yARn7Y3K5M0vu/Iwu+ln7qPkKGHieg=="
    },
    "node-fetch": {
      "version": "2.6.0",
      "resolved": "https://registry.npmjs.org/node-fetch/-/node-fetch-2.6.0.tgz",
      "integrity": "sha512-8dG4H5ujfvFiqDmVu9fQ5bOHUC15JMjMY/Zumv26oOvvVJjM67KF8koCWIabKQ1GJIa9r2mMZscBq/TbdOcmNA=="
    }
  }
}
